{
  "version": 1,
  "dependencies": {
    "net10.0-windows7.0": {
      "FluentFTP": {
        "type": "Direct",
        "requested": "[52.1.0, )",
        "resolved": "52.1.0",
        "contentHash": "d5RnVIr/tnuaS8agbTePwfY0YDN7FTlYP4cFb8Vk3GYcpVSjAEV2VNgPLosU8hrLkOhC5IRsLLVgQz8yiHv11Q=="
      },
      "SharpCompress": {
        "type": "Direct",
        "requested": "[0.48.1, )",
        "resolved": "0.48.1",
        "contentHash": "SqGaVniGG943Gph/gHhUQUiZPyC7y0tXZyMf0/B2oGsMav9dqs7JJOuUA+xOkwKYaWM2TM7aZQjNK91f4bX71A=="
      },
      "Spectre.Console": {
        "type": "Direct",
        "requested": "[0.50.0, )",
        "resolved": "0.50.0",
        "contentHash": "gkwYncFqMjlPF6Yz8KeVsKWpdfv15sr6uKm+vXVa/8Q4tvx52LPzMQOO5m+bXwI3AGGFeY3cok3ZJbguYizswg=="
      },
      "Spectre.Console.Cli": {
        "type": "Direct",
        "requested": "[0.50.0, )",
        "resolved": "0.50.0",
        "contentHash": "PrctsupqHEbyoP/iRL30awUWB0Z91i21myKl70qcPwoH6marEPkPyaPgzc37xFm9QSx+/jVBQGUH7tsn0mWGNQ==",
        "dependencies": {
          "Spectre.Console": "0.50.0"
        }
      },
      "System.Management": {
        "type": "Direct",
        "requested": "[10.0.0, )",
        "resolved": "10.0.0",
        "contentHash": "LE3rDZoPzulou78Tsq+3ALhUs4vatQ03v2QWbYVIenVPneUH/+LTUmHyyl098OxIFLQI6sNkZs8YHbUnT/sm3A=="
      },
      "xbox360.fatx": {
        "type": "Project"
      },
      "xbox360.remote": {
        "type": "Project"
      }
    },
    "net10.0-windows7.0/win-x64": {
      "System.Management": {
        "type": "Direct",
        "requested": "[10.0.0, )",
        "resolved": "10.0.0",
        "contentHash": "LE3rDZoPzulou78Tsq+3ALhUs4vatQ03v2QWbYVIenVPneUH/+LTUmHyyl098OxIFLQI6sNkZs8YHbUnT/sm3A=="
      }
    }
  }
}